
Microsoft Visual Studio Solution File, Format Version 12.00
# Visual Studio Version 16
VisualStudioVersion = 16.0.30225.117
MinimumVisualStudioVersion = 10.0.40219.1
Project("{FAE04EC0-301F-11D3-BF4B-00C04F79EFBC}") = "SSISControl.DbDeploy", "SSISControl.DbDeploy\SSISControl.DbDeploy.csproj", "{0B674B48-D2DD-4270-8B4F-3420DB510547}"
EndProject
Global
	GlobalSection(SolutionConfigurationPlatforms) = preSolution
		Debug|Any CPU = Debug|Any CPU
		Release|Any CPU = Release|Any CPU
	EndGlobalSection
	GlobalSection(ProjectConfigurationPlatforms) = postSolution
		{0B674B48-D2DD-4270-8B4F-3420DB510547}.Debug|Any CPU.ActiveCfg = Debug|Any CPU
		{0B674B48-D2DD-4270-8B4F-3420DB510547}.Debug|Any CPU.Build.0 = Debug|Any CPU
		{0B674B48-D2DD-4270-8B4F-3420DB510547}.Release|Any CPU.ActiveCfg = Release|Any CPU
		{0B674B48-D2DD-4270-8B4F-3420DB510547}.Release|Any CPU.Build.0 = Release|Any CPU
	EndGlobalSection
	GlobalSection(SolutionProperties) = preSolution
		HideSolutionNode = FALSE
	EndGlobalSection
	GlobalSection(ExtensibilityGlobals) = postSolution
		SolutionGuid = {FBEB1447-C397-4146-AF03-DEEC0C50F6B4}
	EndGlobalSection
EndGlobal
